
Microsoft Visual Studio Solution File, Format Version 12.00
# Visual Studio Version 17
VisualStudioVersion = 17.14.36121.58 d17.14
MinimumVisualStudioVersion = 10.0.40219.1
Project("{FAE04EC0-301F-11D3-BF4B-00C04F79EFBC}") = "Exercicio01", "Exercicio01\Exercicio01.csproj", "{C13AB523-81BC-4244-905B-F2ADB9CEA266}"
EndProject
Project("{FAE04EC0-301F-11D3-BF4B-00C04F79EFBC}") = "Exercicio02", "Exercicio02\Exercicio02.csproj", "{8787F040-6815-4DA0-B9D3-48E2069D24BB}"
EndProject
Project("{FAE04EC0-301F-11D3-BF4B-00C04F79EFBC}") = "Exercicio03", "Exercicio03\Exercicio03.csproj", "{D900A591-5F26-4883-8813-BCC5D28B4C93}"
EndProject
Project("{FAE04EC0-301F-11D3-BF4B-00C04F79EFBC}") = "Exercicio04", "Exercicio04\Exercicio04.csproj", "{CC62EE58-14B2-4D59-A016-07939F944A29}"
EndProject
Project("{FAE04EC0-301F-11D3-BF4B-00C04F79EFBC}") = "Exercicio05", "Exercicio05\Exercicio05.csproj", "{51781557-86D1-4318-9DEA-03A8040121EA}"
EndProject
Project("{FAE04EC0-301F-11D3-BF4B-00C04F79EFBC}") = "Exercicio06", "Exercicio06\Exercicio06.csproj", "{B6BDA0EC-0251-452C-B0F7-F1C984BF2386}"
EndProject
Project("{FAE04EC0-301F-11D3-BF4B-00C04F79EFBC}") = "Exercicio07", "Exercicio07\Exercicio07.csproj", "{A7AAA57E-985A-4F91-B3CC-BF3C4CE77790}"
EndProject
Project("{FAE04EC0-301F-11D3-BF4B-00C04F79EFBC}") = "Exercicio08", "Exercicio08\Exercicio08.csproj", "{23EDB125-05E3-43D2-AFBC-6EAFA06B4750}"
EndProject
Project("{FAE04EC0-301F-11D3-BF4B-00C04F79EFBC}") = "Exercicio09", "Exercicio09\Exercicio09.csproj", "{15133501-0E1D-40E3-88D4-9918CAB1E7A6}"
EndProject
Project("{FAE04EC0-301F-11D3-BF4B-00C04F79EFBC}") = "Exercicio10", "Exercicio10\Exercicio10.csproj", "{D7DAE31B-486A-428D-AFB4-E23C6128E8EC}"
EndProject
Project("{FAE04EC0-301F-11D3-BF4B-00C04F79EFBC}") = "Exercicio11", "Exercicio11\Exercicio11.csproj", "{CF005609-9C35-4B24-A8F2-8896FCFE0ED6}"
EndProject
Project("{FAE04EC0-301F-11D3-BF4B-00C04F79EFBC}") = "Exercicio12", "Exercicio12\Exercicio12.csproj", "{4D52F644-4A91-4073-B1CC-E844AD9BF802}"
EndProject
Project("{FAE04EC0-301F-11D3-BF4B-00C04F79EFBC}") = "Exercicio13", "Exercicio13\Exercicio13.csproj", "{F148B992-F1B3-402D-A1D5-C0E6EBCC6767}"
EndProject
Project("{FAE04EC0-301F-11D3-BF4B-00C04F79EFBC}") = "Exercicio14", "Exercicio14\Exercicio14.csproj", "{A99CFF60-140C-43EF-8499-7C19EC8DC90E}"
EndProject
Project("{FAE04EC0-301F-11D3-BF4B-00C04F79EFBC}") = "Exercicio15", "Exercicio15\Exercicio15.csproj", "{79611CB8-264D-4E4C-8E44-440E56368AA3}"
EndProject
Project("{FAE04EC0-301F-11D3-BF4B-00C04F79EFBC}") = "Exercicio16", "Exercicio16\Exercicio16.csproj", "{06772D90-21EA-49D5-ADD9-5FF409A13A0C}"
EndProject
Project("{FAE04EC0-301F-11D3-BF4B-00C04F79EFBC}") = "Exercicio17", "Exercicio17\Exercicio17.csproj", "{0C3146FF-C28E-461A-8EFC-4F0081A2E844}"
EndProject
Project("{FAE04EC0-301F-11D3-BF4B-00C04F79EFBC}") = "Exercicio18", "Exercicio18\Exercicio18.csproj", "{6121E61E-8F56-4191-A259-B5698D554EAF}"
EndProject
Project("{FAE04EC0-301F-11D3-BF4B-00C04F79EFBC}") = "Exercicio19", "Exercicio19\Exercicio19.csproj", "{4CFF1E8D-335D-4317-92E4-DFA4D7573C81}"
EndProject
Project("{FAE04EC0-301F-11D3-BF4B-00C04F79EFBC}") = "Exercicio20", "Exercicio20\Exercicio20.csproj", "{F178D80A-C4FE-4019-8DBC-AFE44522CB08}"
EndProject
Project("{FAE04EC0-301F-11D3-BF4B-00C04F79EFBC}") = "Exercicio21", "Exercicio21\Exercicio21.csproj", "{96AC3E80-8E18-4EE3-A432-82EE5ECBE31A}"
EndProject
Project("{FAE04EC0-301F-11D3-BF4B-00C04F79EFBC}") = "Exercicio22", "Exercicio22\Exercicio22.csproj", "{2CE668DE-3482-4C23-ABA1-7189DD99C5FC}"
EndProject
Project("{FAE04EC0-301F-11D3-BF4B-00C04F79EFBC}") = "Exercicio23", "Exercicio23\Exercicio23.csproj", "{8A9DDCA2-1F35-4883-9E24-D22576FCEB8D}"
EndProject
Project("{FAE04EC0-301F-11D3-BF4B-00C04F79EFBC}") = "Exercicio24", "Exercicio24\Exercicio24.csproj", "{A4BCBB98-F39A-44F9-A908-6E0AD16171BC}"
EndProject
Project("{FAE04EC0-301F-11D3-BF4B-00C04F79EFBC}") = "Exercicio25", "Exercicio25\Exercicio25.csproj", "{EEF31844-87B3-4B59-AED2-8348DC14A7BE}"
EndProject
Project("{FAE04EC0-301F-11D3-BF4B-00C04F79EFBC}") = "Exercicio26", "Exercicio26\Exercicio26.csproj", "{C55DC438-D654-47D3-88B4-4CD65A1F24CE}"
EndProject
Project("{FAE04EC0-301F-11D3-BF4B-00C04F79EFBC}") = "Exercicio27", "Exercicio27\Exercicio27.csproj", "{13400002-61DD-48FA-BAC2-665967FD7F26}"
EndProject
Project("{FAE04EC0-301F-11D3-BF4B-00C04F79EFBC}") = "Exercicio28", "Exercicio28\Exercicio28.csproj", "{CA27D054-9FEA-44C8-9F5E-82D9C1F46073}"
EndProject
Project("{FAE04EC0-301F-11D3-BF4B-00C04F79EFBC}") = "Exercicio29", "Exercicio29\Exercicio29.csproj", "{8EA45630-A2AF-49DE-A270-73F5A69667A1}"
EndProject
Project("{FAE04EC0-301F-11D3-BF4B-00C04F79EFBC}") = "Exercicio30", "Exercicio30\Exercicio30.csproj", "{296C9822-D834-496E-BB77-CB979923BC1C}"
EndProject
Project("{FAE04EC0-301F-11D3-BF4B-00C04F79EFBC}") = "Exercicio31", "Exercicio31\Exercicio31.csproj", "{26B6797F-969D-429B-BC3D-435272FA7B64}"
EndProject
Project("{FAE04EC0-301F-11D3-BF4B-00C04F79EFBC}") = "Exercicio32", "Exercicio32\Exercicio32.csproj", "{3B7FB823-75BD-4BD2-B86D-C6C6A65CB5C8}"
EndProject
Project("{FAE04EC0-301F-11D3-BF4B-00C04F79EFBC}") = "Exercicio33", "Exercicio33\Exercicio33.csproj", "{E2F75DB2-E882-4FB4-AD51-671497EDD94E}"
EndProject
Project("{FAE04EC0-301F-11D3-BF4B-00C04F79EFBC}") = "Exercicio34", "Exercicio34\Exercicio34.csproj", "{B5D33052-0F57-4A5B-9364-022D97BEA886}"
EndProject
Project("{FAE04EC0-301F-11D3-BF4B-00C04F79EFBC}") = "Exercicio35", "Exercicio35\Exercicio35.csproj", "{CF1810D2-1657-49B7-AA80-8CDC98A0A963}"
EndProject
Project("{FAE04EC0-301F-11D3-BF4B-00C04F79EFBC}") = "Exercicio36", "Exercicio36\Exercicio36.csproj", "{D5D0A68A-1DD8-464D-AEEC-E8A9013A9714}"
EndProject
Project("{FAE04EC0-301F-11D3-BF4B-00C04F79EFBC}") = "Exercicio37", "Exercicio37\Exercicio37.csproj", "{BDDF7BF2-FBCF-483C-9010-B921BAFF533C}"
EndProject
Project("{FAE04EC0-301F-11D3-BF4B-00C04F79EFBC}") = "Exercicio38", "Exercicio38\Exercicio38.csproj", "{AE850831-78FC-4820-AF1C-97E723D1D1CB}"
EndProject
Project("{FAE04EC0-301F-11D3-BF4B-00C04F79EFBC}") = "Exercicio39", "Exercicio39\Exercicio39.csproj", "{9AB293EB-5910-43EE-9FA0-01EF40F4E19B}"
EndProject
Project("{FAE04EC0-301F-11D3-BF4B-00C04F79EFBC}") = "Exercicio40", "Exercicio40\Exercicio40.csproj", "{18D58413-CE95-4447-AE41-F752CE3E1CEA}"
EndProject
Global
	GlobalSection(SolutionConfigurationPlatforms) = preSolution
		Debug|Any CPU = Debug|Any CPU
		Release|Any CPU = Release|Any CPU
	EndGlobalSection
	GlobalSection(ProjectConfigurationPlatforms) = postSolution
		{C13AB523-81BC-4244-905B-F2ADB9CEA266}.Debug|Any CPU.ActiveCfg = Debug|Any CPU
		{C13AB523-81BC-4244-905B-F2ADB9CEA266}.Debug|Any CPU.Build.0 = Debug|Any CPU
		{C13AB523-81BC-4244-905B-F2ADB9CEA266}.Release|Any CPU.ActiveCfg = Release|Any CPU
		{C13AB523-81BC-4244-905B-F2ADB9CEA266}.Release|Any CPU.Build.0 = Release|Any CPU
		{8787F040-6815-4DA0-B9D3-48E2069D24BB}.Debug|Any CPU.ActiveCfg = Debug|Any CPU
		{8787F040-6815-4DA0-B9D3-48E2069D24BB}.Debug|Any CPU.Build.0 = Debug|Any CPU
		{8787F040-6815-4DA0-B9D3-48E2069D24BB}.Release|Any CPU.ActiveCfg = Release|Any CPU
		{8787F040-6815-4DA0-B9D3-48E2069D24BB}.Release|Any CPU.Build.0 = Release|Any CPU
		{D900A591-5F26-4883-8813-BCC5D28B4C93}.Debug|Any CPU.ActiveCfg = Debug|Any CPU
		{D900A591-5F26-4883-8813-BCC5D28B4C93}.Debug|Any CPU.Build.0 = Debug|Any CPU
		{D900A591-5F26-4883-8813-BCC5D28B4C93}.Release|Any CPU.ActiveCfg = Release|Any CPU
		{D900A591-5F26-4883-8813-BCC5D28B4C93}.Release|Any CPU.Build.0 = Release|Any CPU
		{CC62EE58-14B2-4D59-A016-07939F944A29}.Debug|Any CPU.ActiveCfg = Debug|Any CPU
		{CC62EE58-14B2-4D59-A016-07939F944A29}.Debug|Any CPU.Build.0 = Debug|Any CPU
		{CC62EE58-14B2-4D59-A016-07939F944A29}.Release|Any CPU.ActiveCfg = Release|Any CPU
		{CC62EE58-14B2-4D59-A016-07939F944A29}.Release|Any CPU.Build.0 = Release|Any CPU
		{51781557-86D1-4318-9DEA-03A8040121EA}.Debug|Any CPU.ActiveCfg = Debug|Any CPU
		{51781557-86D1-4318-9DEA-03A8040121EA}.Debug|Any CPU.Build.0 = Debug|Any CPU
		{51781557-86D1-4318-9DEA-03A8040121EA}.Release|Any CPU.ActiveCfg = Release|Any CPU
		{51781557-86D1-4318-9DEA-03A8040121EA}.Release|Any CPU.Build.0 = Release|Any CPU
		{B6BDA0EC-0251-452C-B0F7-F1C984BF2386}.Debug|Any CPU.ActiveCfg = Debug|Any CPU
		{B6BDA0EC-0251-452C-B0F7-F1C984BF2386}.Debug|Any CPU.Build.0 = Debug|Any CPU
		{B6BDA0EC-0251-452C-B0F7-F1C984BF2386}.Release|Any CPU.ActiveCfg = Release|Any CPU
		{B6BDA0EC-0251-452C-B0F7-F1C984BF2386}.Release|Any CPU.Build.0 = Release|Any CPU
		{A7AAA57E-985A-4F91-B3CC-BF3C4CE77790}.Debug|Any CPU.ActiveCfg = Debug|Any CPU
		{A7AAA57E-985A-4F91-B3CC-BF3C4CE77790}.Debug|Any CPU.Build.0 = Debug|Any CPU
		{A7AAA57E-985A-4F91-B3CC-BF3C4CE77790}.Release|Any CPU.ActiveCfg = Release|Any CPU
		{A7AAA57E-985A-4F91-B3CC-BF3C4CE77790}.Release|Any CPU.Build.0 = Release|Any CPU
		{23EDB125-05E3-43D2-AFBC-6EAFA06B4750}.Debug|Any CPU.ActiveCfg = Debug|Any CPU
		{23EDB125-05E3-43D2-AFBC-6EAFA06B4750}.Debug|Any CPU.Build.0 = Debug|Any CPU
		{23EDB125-05E3-43D2-AFBC-6EAFA06B4750}.Release|Any CPU.ActiveCfg = Release|Any CPU
		{23EDB125-05E3-43D2-AFBC-6EAFA06B4750}.Release|Any CPU.Build.0 = Release|Any CPU
		{15133501-0E1D-40E3-88D4-9918CAB1E7A6}.Debug|Any CPU.ActiveCfg = Debug|Any CPU
		{15133501-0E1D-40E3-88D4-9918CAB1E7A6}.Debug|Any CPU.Build.0 = Debug|Any CPU
		{15133501-0E1D-40E3-88D4-9918CAB1E7A6}.Release|Any CPU.ActiveCfg = Release|Any CPU
		{15133501-0E1D-40E3-88D4-9918CAB1E7A6}.Release|Any CPU.Build.0 = Release|Any CPU
		{D7DAE31B-486A-428D-AFB4-E23C6128E8EC}.Debug|Any CPU.ActiveCfg = Debug|Any CPU
		{D7DAE31B-486A-428D-AFB4-E23C6128E8EC}.Debug|Any CPU.Build.0 = Debug|Any CPU
		{D7DAE31B-486A-428D-AFB4-E23C6128E8EC}.Release|Any CPU.ActiveCfg = Release|Any CPU
		{D7DAE31B-486A-428D-AFB4-E23C6128E8EC}.Release|Any CPU.Build.0 = Release|Any CPU
		{CF005609-9C35-4B24-A8F2-8896FCFE0ED6}.Debug|Any CPU.ActiveCfg = Debug|Any CPU
		{CF005609-9C35-4B24-A8F2-8896FCFE0ED6}.Debug|Any CPU.Build.0 = Debug|Any CPU
		{CF005609-9C35-4B24-A8F2-8896FCFE0ED6}.Release|Any CPU.ActiveCfg = Release|Any CPU
		{CF005609-9C35-4B24-A8F2-8896FCFE0ED6}.Release|Any CPU.Build.0 = Release|Any CPU
		{4D52F644-4A91-4073-B1CC-E844AD9BF802}.Debug|Any CPU.ActiveCfg = Debug|Any CPU
		{4D52F644-4A91-4073-B1CC-E844AD9BF802}.Debug|Any CPU.Build.0 = Debug|Any CPU
		{4D52F644-4A91-4073-B1CC-E844AD9BF802}.Release|Any CPU.ActiveCfg = Release|Any CPU
		{4D52F644-4A91-4073-B1CC-E844AD9BF802}.Release|Any CPU.Build.0 = Release|Any CPU
		{F148B992-F1B3-402D-A1D5-C0E6EBCC6767}.Debug|Any CPU.ActiveCfg = Debug|Any CPU
		{F148B992-F1B3-402D-A1D5-C0E6EBCC6767}.Debug|Any CPU.Build.0 = Debug|Any CPU
		{F148B992-F1B3-402D-A1D5-C0E6EBCC6767}.Release|Any CPU.ActiveCfg = Release|Any CPU
		{F148B992-F1B3-402D-A1D5-C0E6EBCC6767}.Release|Any CPU.Build.0 = Release|Any CPU
		{A99CFF60-140C-43EF-8499-7C19EC8DC90E}.Debug|Any CPU.ActiveCfg = Debug|Any CPU
		{A99CFF60-140C-43EF-8499-7C19EC8DC90E}.Debug|Any CPU.Build.0 = Debug|Any CPU
		{A99CFF60-140C-43EF-8499-7C19EC8DC90E}.Release|Any CPU.ActiveCfg = Release|Any CPU
		{A99CFF60-140C-43EF-8499-7C19EC8DC90E}.Release|Any CPU.Build.0 = Release|Any CPU
		{79611CB8-264D-4E4C-8E44-440E56368AA3}.Debug|Any CPU.ActiveCfg = Debug|Any CPU
		{79611CB8-264D-4E4C-8E44-440E56368AA3}.Debug|Any CPU.Build.0 = Debug|Any CPU
		{79611CB8-264D-4E4C-8E44-440E56368AA3}.Release|Any CPU.ActiveCfg = Release|Any CPU
		{79611CB8-264D-4E4C-8E44-440E56368AA3}.Release|Any CPU.Build.0 = Release|Any CPU
		{06772D90-21EA-49D5-ADD9-5FF409A13A0C}.Debug|Any CPU.ActiveCfg = Debug|Any CPU
		{06772D90-21EA-49D5-ADD9-5FF409A13A0C}.Debug|Any CPU.Build.0 = Debug|Any CPU
		{06772D90-21EA-49D5-ADD9-5FF409A13A0C}.Release|Any CPU.ActiveCfg = Release|Any CPU
		{06772D90-21EA-49D5-ADD9-5FF409A13A0C}.Release|Any CPU.Build.0 = Release|Any CPU
		{0C3146FF-C28E-461A-8EFC-4F0081A2E844}.Debug|Any CPU.ActiveCfg = Debug|Any CPU
		{0C3146FF-C28E-461A-8EFC-4F0081A2E844}.Debug|Any CPU.Build.0 = Debug|Any CPU
		{0C3146FF-C28E-461A-8EFC-4F0081A2E844}.Release|Any CPU.ActiveCfg = Release|Any CPU
		{0C3146FF-C28E-461A-8EFC-4F0081A2E844}.Release|Any CPU.Build.0 = Release|Any CPU
		{6121E61E-8F56-4191-A259-B5698D554EAF}.Debug|Any CPU.ActiveCfg = Debug|Any CPU
		{6121E61E-8F56-4191-A259-B5698D554EAF}.Debug|Any CPU.Build.0 = Debug|Any CPU
		{6121E61E-8F56-4191-A259-B5698D554EAF}.Release|Any CPU.ActiveCfg = Release|Any CPU
		{6121E61E-8F56-4191-A259-B5698D554EAF}.Release|Any CPU.Build.0 = Release|Any CPU
		{4CFF1E8D-335D-4317-92E4-DFA4D7573C81}.Debug|Any CPU.ActiveCfg = Debug|Any CPU
		{4CFF1E8D-335D-4317-92E4-DFA4D7573C81}.Debug|Any CPU.Build.0 = Debug|Any CPU
		{4CFF1E8D-335D-4317-92E4-DFA4D7573C81}.Release|Any CPU.ActiveCfg = Release|Any CPU
		{4CFF1E8D-335D-4317-92E4-DFA4D7573C81}.Release|Any CPU.Build.0 = Release|Any CPU
		{F178D80A-C4FE-4019-8DBC-AFE44522CB08}.Debug|Any CPU.ActiveCfg = Debug|Any CPU
		{F178D80A-C4FE-4019-8DBC-AFE44522CB08}.Debug|Any CPU.Build.0 = Debug|Any CPU
		{F178D80A-C4FE-4019-8DBC-AFE44522CB08}.Release|Any CPU.ActiveCfg = Release|Any CPU
		{F178D80A-C4FE-4019-8DBC-AFE44522CB08}.Release|Any CPU.Build.0 = Release|Any CPU
		{96AC3E80-8E18-4EE3-A432-82EE5ECBE31A}.Debug|Any CPU.ActiveCfg = Debug|Any CPU
		{96AC3E80-8E18-4EE3-A432-82EE5ECBE31A}.Debug|Any CPU.Build.0 = Debug|Any CPU
		{96AC3E80-8E18-4EE3-A432-82EE5ECBE31A}.Release|Any CPU.ActiveCfg = Release|Any CPU
		{96AC3E80-8E18-4EE3-A432-82EE5ECBE31A}.Release|Any CPU.Build.0 = Release|Any CPU
		{2CE668DE-3482-4C23-ABA1-7189DD99C5FC}.Debug|Any CPU.ActiveCfg = Debug|Any CPU
		{2CE668DE-3482-4C23-ABA1-7189DD99C5FC}.Debug|Any CPU.Build.0 = Debug|Any CPU
		{2CE668DE-3482-4C23-ABA1-7189DD99C5FC}.Release|Any CPU.ActiveCfg = Release|Any CPU
		{2CE668DE-3482-4C23-ABA1-7189DD99C5FC}.Release|Any CPU.Build.0 = Release|Any CPU
		{8A9DDCA2-1F35-4883-9E24-D22576FCEB8D}.Debug|Any CPU.ActiveCfg = Debug|Any CPU
		{8A9DDCA2-1F35-4883-9E24-D22576FCEB8D}.Debug|Any CPU.Build.0 = Debug|Any CPU
		{8A9DDCA2-1F35-4883-9E24-D22576FCEB8D}.Release|Any CPU.ActiveCfg = Release|Any CPU
		{8A9DDCA2-1F35-4883-9E24-D22576FCEB8D}.Release|Any CPU.Build.0 = Release|Any CPU
		{A4BCBB98-F39A-44F9-A908-6E0AD16171BC}.Debug|Any CPU.ActiveCfg = Debug|Any CPU
		{A4BCBB98-F39A-44F9-A908-6E0AD16171BC}.Debug|Any CPU.Build.0 = Debug|Any CPU
		{A4BCBB98-F39A-44F9-A908-6E0AD16171BC}.Release|Any CPU.ActiveCfg = Release|Any CPU
		{A4BCBB98-F39A-44F9-A908-6E0AD16171BC}.Release|Any CPU.Build.0 = Release|Any CPU
		{EEF31844-87B3-4B59-AED2-8348DC14A7BE}.Debug|Any CPU.ActiveCfg = Debug|Any CPU
		{EEF31844-87B3-4B59-AED2-8348DC14A7BE}.Debug|Any CPU.Build.0 = Debug|Any CPU
		{EEF31844-87B3-4B59-AED2-8348DC14A7BE}.Release|Any CPU.ActiveCfg = Release|Any CPU
		{EEF31844-87B3-4B59-AED2-8348DC14A7BE}.Release|Any CPU.Build.0 = Release|Any CPU
		{C55DC438-D654-47D3-88B4-4CD65A1F24CE}.Debug|Any CPU.ActiveCfg = Debug|Any CPU
		{C55DC438-D654-47D3-88B4-4CD65A1F24CE}.Debug|Any CPU.Build.0 = Debug|Any CPU
		{C55DC438-D654-47D3-88B4-4CD65A1F24CE}.Release|Any CPU.ActiveCfg = Release|Any CPU
		{C55DC438-D654-47D3-88B4-4CD65A1F24CE}.Release|Any CPU.Build.0 = Release|Any CPU
		{13400002-61DD-48FA-BAC2-665967FD7F26}.Debug|Any CPU.ActiveCfg = Debug|Any CPU
		{13400002-61DD-48FA-BAC2-665967FD7F26}.Debug|Any CPU.Build.0 = Debug|Any CPU
		{13400002-61DD-48FA-BAC2-665967FD7F26}.Release|Any CPU.ActiveCfg = Release|Any CPU
		{13400002-61DD-48FA-BAC2-665967FD7F26}.Release|Any CPU.Build.0 = Release|Any CPU
		{CA27D054-9FEA-44C8-9F5E-82D9C1F46073}.Debug|Any CPU.ActiveCfg = Debug|Any CPU
		{CA27D054-9FEA-44C8-9F5E-82D9C1F46073}.Debug|Any CPU.Build.0 = Debug|Any CPU
		{CA27D054-9FEA-44C8-9F5E-82D9C1F46073}.Release|Any CPU.ActiveCfg = Release|Any CPU
		{CA27D054-9FEA-44C8-9F5E-82D9C1F46073}.Release|Any CPU.Build.0 = Release|Any CPU
		{8EA45630-A2AF-49DE-A270-73F5A69667A1}.Debug|Any CPU.ActiveCfg = Debug|Any CPU
		{8EA45630-A2AF-49DE-A270-73F5A69667A1}.Debug|Any CPU.Build.0 = Debug|Any CPU
		{8EA45630-A2AF-49DE-A270-73F5A69667A1}.Release|Any CPU.ActiveCfg = Release|Any CPU
		{8EA45630-A2AF-49DE-A270-73F5A69667A1}.Release|Any CPU.Build.0 = Release|Any CPU
		{296C9822-D834-496E-BB77-CB979923BC1C}.Debug|Any CPU.ActiveCfg = Debug|Any CPU
		{296C9822-D834-496E-BB77-CB979923BC1C}.Debug|Any CPU.Build.0 = Debug|Any CPU
		{296C9822-D834-496E-BB77-CB979923BC1C}.Release|Any CPU.ActiveCfg = Release|Any CPU
		{296C9822-D834-496E-BB77-CB979923BC1C}.Release|Any CPU.Build.0 = Release|Any CPU
		{26B6797F-969D-429B-BC3D-435272FA7B64}.Debug|Any CPU.ActiveCfg = Debug|Any CPU
		{26B6797F-969D-429B-BC3D-435272FA7B64}.Debug|Any CPU.Build.0 = Debug|Any CPU
		{26B6797F-969D-429B-BC3D-435272FA7B64}.Release|Any CPU.ActiveCfg = Release|Any CPU
		{26B6797F-969D-429B-BC3D-435272FA7B64}.Release|Any CPU.Build.0 = Release|Any CPU
		{3B7FB823-75BD-4BD2-B86D-C6C6A65CB5C8}.Debug|Any CPU.ActiveCfg = Debug|Any CPU
		{3B7FB823-75BD-4BD2-B86D-C6C6A65CB5C8}.Debug|Any CPU.Build.0 = Debug|Any CPU
		{3B7FB823-75BD-4BD2-B86D-C6C6A65CB5C8}.Release|Any CPU.ActiveCfg = Release|Any CPU
		{3B7FB823-75BD-4BD2-B86D-C6C6A65CB5C8}.Release|Any CPU.Build.0 = Release|Any CPU
		{E2F75DB2-E882-4FB4-AD51-671497EDD94E}.Debug|Any CPU.ActiveCfg = Debug|Any CPU
		{E2F75DB2-E882-4FB4-AD51-671497EDD94E}.Debug|Any CPU.Build.0 = Debug|Any CPU
		{E2F75DB2-E882-4FB4-AD51-671497EDD94E}.Release|Any CPU.ActiveCfg = Release|Any CPU
		{E2F75DB2-E882-4FB4-AD51-671497EDD94E}.Release|Any CPU.Build.0 = Release|Any CPU
		{B5D33052-0F57-4A5B-9364-022D97BEA886}.Debug|Any CPU.ActiveCfg = Debug|Any CPU
		{B5D33052-0F57-4A5B-9364-022D97BEA886}.Debug|Any CPU.Build.0 = Debug|Any CPU
		{B5D33052-0F57-4A5B-9364-022D97BEA886}.Release|Any CPU.ActiveCfg = Release|Any CPU
		{B5D33052-0F57-4A5B-9364-022D97BEA886}.Release|Any CPU.Build.0 = Release|Any CPU
		{CF1810D2-1657-49B7-AA80-8CDC98A0A963}.Debug|Any CPU.ActiveCfg = Debug|Any CPU
		{CF1810D2-1657-49B7-AA80-8CDC98A0A963}.Debug|Any CPU.Build.0 = Debug|Any CPU
		{CF1810D2-1657-49B7-AA80-8CDC98A0A963}.Release|Any CPU.ActiveCfg = Release|Any CPU
		{CF1810D2-1657-49B7-AA80-8CDC98A0A963}.Release|Any CPU.Build.0 = Release|Any CPU
		{D5D0A68A-1DD8-464D-AEEC-E8A9013A9714}.Debug|Any CPU.ActiveCfg = Debug|Any CPU
		{D5D0A68A-1DD8-464D-AEEC-E8A9013A9714}.Debug|Any CPU.Build.0 = Debug|Any CPU
		{D5D0A68A-1DD8-464D-AEEC-E8A9013A9714}.Release|Any CPU.ActiveCfg = Release|Any CPU
		{D5D0A68A-1DD8-464D-AEEC-E8A9013A9714}.Release|Any CPU.Build.0 = Release|Any CPU
		{BDDF7BF2-FBCF-483C-9010-B921BAFF533C}.Debug|Any CPU.ActiveCfg = Debug|Any CPU
		{BDDF7BF2-FBCF-483C-9010-B921BAFF533C}.Debug|Any CPU.Build.0 = Debug|Any CPU
		{BDDF7BF2-FBCF-483C-9010-B921BAFF533C}.Release|Any CPU.ActiveCfg = Release|Any CPU
		{BDDF7BF2-FBCF-483C-9010-B921BAFF533C}.Release|Any CPU.Build.0 = Release|Any CPU
		{AE850831-78FC-4820-AF1C-97E723D1D1CB}.Debug|Any CPU.ActiveCfg = Debug|Any CPU
		{AE850831-78FC-4820-AF1C-97E723D1D1CB}.Debug|Any CPU.Build.0 = Debug|Any CPU
		{AE850831-78FC-4820-AF1C-97E723D1D1CB}.Release|Any CPU.ActiveCfg = Release|Any CPU
		{AE850831-78FC-4820-AF1C-97E723D1D1CB}.Release|Any CPU.Build.0 = Release|Any CPU
		{9AB293EB-5910-43EE-9FA0-01EF40F4E19B}.Debug|Any CPU.ActiveCfg = Debug|Any CPU
		{9AB293EB-5910-43EE-9FA0-01EF40F4E19B}.Debug|Any CPU.Build.0 = Debug|Any CPU
		{9AB293EB-5910-43EE-9FA0-01EF40F4E19B}.Release|Any CPU.ActiveCfg = Release|Any CPU
		{9AB293EB-5910-43EE-9FA0-01EF40F4E19B}.Release|Any CPU.Build.0 = Release|Any CPU
		{18D58413-CE95-4447-AE41-F752CE3E1CEA}.Debug|Any CPU.ActiveCfg = Debug|Any CPU
		{18D58413-CE95-4447-AE41-F752CE3E1CEA}.Debug|Any CPU.Build.0 = Debug|Any CPU
		{18D58413-CE95-4447-AE41-F752CE3E1CEA}.Release|Any CPU.ActiveCfg = Release|Any CPU
		{18D58413-CE95-4447-AE41-F752CE3E1CEA}.Release|Any CPU.Build.0 = Release|Any CPU
	EndGlobalSection
	GlobalSection(SolutionProperties) = preSolution
		HideSolutionNode = FALSE
	EndGlobalSection
	GlobalSection(ExtensibilityGlobals) = postSolution
		SolutionGuid = {6F87DAF0-F50F-42DA-9A72-356D012DEFAB}
	EndGlobalSection
EndGlobal
